// !$*UTF8*$!
{
	archiveVersion = 1;
	classes = {
	};
	objectVersion = 50;
	objects = {

/* Begin PBXBuildFile section */
		B2AB0D4D26ABCBD70005D263 /* AppDelegate.swift in Sources */ = {isa = PBXBuildFile; fileRef = B2AB0D4C26ABCBD70005D263 /* AppDelegate.swift */; };
		B2AB0D4F26ABCBD70005D263 /* SceneDelegate.swift in Sources */ = {isa = PBXBuildFile; fileRef = B2AB0D4E26ABCBD70005D263 /* SceneDelegate.swift */; };
		B2AB0D5126ABCBD70005D263 /* ViewController.swift in Sources */ = {isa = PBXBuildFile; fileRef = B2AB0D5026ABCBD70005D263 /* ViewController.swift */; };
		B2AB0D5426ABCBD70005D263 /* Main.storyboard in Resources */ = {isa = PBXBuildFile; fileRef = B2AB0D5226ABCBD70005D263 /* Main.storyboard */; };
		B2AB0D5626ABCBD80005D263 /* Assets.xcassets in Resources */ = {isa = PBXBuildFile; fileRef = B2AB0D5526ABCBD80005D263 /* Assets.xcassets */; };
		B2AB0D5926ABCBD80005D263 /* LaunchScreen.storyboard in Resources */ = {isa = PBXBuildFile; fileRef = B2AB0D5726ABCBD80005D263 /* LaunchScreen.storyboard */; };
		B2AB0D6426ABD25F0005D263 /* MusicModel.swift in Sources */ = {isa = PBXBuildFile; fileRef = B2AB0D6326ABD25F0005D263 /* MusicModel.swift */; };
/* End PBXBuildFile section */

/* Begin PBXFileReference section */
		B2AB0D4926ABCBD70005D263 /* music app.app */ = {isa = PBXFileReference; explicitFileType = wrapper.application; includeInIndex = 0; path = "music app.app"; sourceTree = BUILT_PRODUCTS_DIR; };
		B2AB0D4C26ABCBD70005D263 /* AppDelegate.swift */ = {isa = PBXFileReference; lastKnownFileType = sourcecode.swift; path = AppDelegate.swift; sourceTree = "<group>"; };
		B2AB0D4E26ABCBD70005D263 /* SceneDelegate.swift */ = {isa = PBXFileReference; lastKnownFileType = sourcecode.swift; path = SceneDelegate.swift; sourceTree = "<group>"; };
		B2AB0D5026ABCBD70005D263 /* ViewController.swift */ = {isa = PBXFileReference; lastKnownFileType = sourcecode.swift; path = ViewController.swift; sourceTree = "<group>"; };
		B2AB0D5326ABCBD70005D263 /* Base */ = {isa = PBXFileReference; lastKnownFileType = file.storyboard; name = Base; path = Base.lproj/Main.storyboard; sourceTree = "<group>"; };
		B2AB0D5526ABCBD80005D263 /* Assets.xcassets */ = {isa = PBXFileReference; lastKnownFileType = folder.assetcatalog; path = Assets.xcassets; sourceTree = "<group>"; };
		B2AB0D5826ABCBD80005D263 /* Base */ = {isa = PBXFileReference; lastKnownFileType = file.storyboard; name = Base; path = Base.lproj/LaunchScreen.storyboard; sourceTree = "<group>"; };
		B2AB0D5A26ABCBD80005D263 /* Info.plist */ = {isa = PBXFileReference; lastKnownFileType = text.plist.xml; path = Info.plist; sourceTree = "<group>"; };
		B2AB0D6326ABD25F0005D263 /* MusicModel.swift */ = {isa = PBXFileReference; lastKnownFileType = sourcecode.swift; path = MusicModel.swift; sourceTree = "<group>"; };
/* End PBXFileReference section */

/* Begin PBXFrameworksBuildPhase section */
		B2AB0D4626ABCBD70005D263 /* Frameworks */ = {
			isa = PBXFrameworksBuildPhase;
			buildActionMask = 2147483647;
			files = (
			);
			runOnlyForDeploymentPostprocessing = 0;
		};
/* End PBXFrameworksBuildPhase section */

/* Begin PBXGroup section */
		B2AB0D4026ABCBD70005D263 = {
			isa = PBXGroup;
			children = (
				B2AB0D4B26ABCBD70005D263 /* music app */,
				B2AB0D4A26ABCBD70005D263 /* Products */,
			);
			sourceTree = "<group>";
		};
		B2AB0D4A26ABCBD70005D263 /* Products */ = {
			isa = PBXGroup;
			children = (
				B2AB0D4926ABCBD70005D263 /* music app.app */,
			);
			name = Products;
			sourceTree = "<group>";
		};
		B2AB0D4B26ABCBD70005D263 /* music app */ = {
			isa = PBXGroup;
			children = (
				B2AB0D4C26ABCBD70005D263 /* AppDelegate.swift */,
				B2AB0D4E26ABCBD70005D263 /* SceneDelegate.swift */,
				B2AB0D6226ABD1CF0005D263 /* Controllers */,
				B2AB0D6126ABD1800005D263 /* Views */,
				B2AB0D6026ABD1580005D263 /* Models */,
				B2AB0D5526ABCBD80005D263 /* Assets.xcassets */,
				B2AB0D5A26ABCBD80005D263 /* Info.plist */,
			);
			path = "music app";
			sourceTree = "<group>";
		};
		B2AB0D6026ABD1580005D263 /* Models */ = {
			isa = PBXGroup;
			children = (
				B2AB0D6326ABD25F0005D263 /* MusicModel.swift */,
			);
			path = Models;
			sourceTree = "<group>";
		};
		B2AB0D6126ABD1800005D263 /* Views */ = {
			isa = PBXGroup;
			children = (
				B2AB0D5226ABCBD70005D263 /* Main.storyboard */,
				B2AB0D5726ABCBD80005D263 /* LaunchScreen.storyboard */,
			);
			path = Views;
			sourceTree = "<group>";
		};
		B2AB0D6226ABD1CF0005D263 /* Controllers */ = {
			isa = PBXGroup;
			children = (
				B2AB0D5026ABCBD70005D263 /* ViewController.swift */,
			);
			path = Controllers;
			sourceTree = "<group>";
		};
/* End PBXGroup section */

/* Begin PBXNativeTarget section */
		B2AB0D4826ABCBD70005D263 /* music app */ = {
			isa = PBXNativeTarget;
			buildConfigurationList = B2AB0D5D26ABCBD80005D263 /* Build configuration list for PBXNativeTarget "music app" */;
			buildPhases = (
				B2AB0D4526ABCBD70005D263 /* Sources */,
				B2AB0D4626ABCBD70005D263 /* Frameworks */,
				B2AB0D4726ABCBD70005D263 /* Resources */,
			);
			buildRules = (
			);
			dependencies = (
			);
			name = "music app";
			productName = "music app";
			productReference = B2AB0D4926ABCBD70005D263 /* music app.app */;
			productType = "com.apple.product-type.application";
		};
/* End PBXNativeTarget section */

/* Begin PBXProject section */
		B2AB0D4126ABCBD70005D263 /* Project object */ = {
			isa = PBXProject;
			attributes = {
				LastSwiftUpdateCheck = 1250;
				LastUpgradeCheck = 1250;
				TargetAttributes = {
					B2AB0D4826ABCBD70005D263 = {
						CreatedOnToolsVersion = 12.5.1;
					};
				};
			};
			buildConfigurationList = B2AB0D4426ABCBD70005D263 /* Build configuration list for PBXProject "music app" */;
			compatibilityVersion = "Xcode 9.3";
			developmentRegion = en;
			hasScannedForEncodings = 0;
			knownRegions = (
				en,
				Base,
			);
			mainGroup = B2AB0D4026ABCBD70005D263;
			productRefGroup = B2AB0D4A26ABCBD70005D263 /* Products */;
			projectDirPath = "";
			projectRoot = "";
			targets = (
				B2AB0D4826ABCBD70005D263 /* music app */,
			);
		};
/* End PBXProject section */

/* Begin PBXResourcesBuildPhase section */
		B2AB0D4726ABCBD70005D263 /* Resources */ = {
			isa = PBXResourcesBuildPhase;
			buildActionMask = 2147483647;
			files = (
				B2AB0D5926ABCBD80005D263 /* LaunchScreen.storyboard in Resources */,
				B2AB0D5626ABCBD80005D263 /* Assets.xcassets in Resources */,
				B2AB0D5426ABCBD70005D263 /* Main.storyboard in Resources */,
			);
			runOnlyForDeploymentPostprocessing = 0;
		};
/* End PBXResourcesBuildPhase section */

/* Begin PBXSourcesBuildPhase section */
		B2AB0D4526ABCBD70005D263 /* Sources */ = {
			isa = PBXSourcesBuildPhase;
			buildActionMask = 2147483647;
			files = (
				B2AB0D5126ABCBD70005D263 /* ViewController.swift in Sources */,
				B2AB0D6426ABD25F0005D263 /* MusicModel.swift in Sources */,
				B2AB0D4D26ABCBD70005D263 /* AppDelegate.swift in Sources */,
				B2AB0D4F26ABCBD70005D263 /* SceneDelegate.swift in Sources */,
			);
			runOnlyForDeploymentPostprocessing = 0;
		};
/* End PBXSourcesBuildPhase section */

/* Begin PBXVariantGroup section */
		B2AB0D5226ABCBD70005D263 /* Main.storyboard */ = {
			isa = PBXVariantGroup;
			children = (
				B2AB0D5326ABCBD70005D263 /* Base */,
			);
			name = Main.storyboard;
			sourceTree = "<group>";
		};
		B2AB0D5726ABCBD80005D263 /* LaunchScreen.storyboard */ = {
			isa = PBXVariantGroup;
			children = (
				B2AB0D5826ABCBD80005D263 /* Base */,
			);
			name = LaunchScreen.storyboard;
			sourceTree = "<group>";
		};
/* End PBXVariantGroup section */

/* Begin XCBuildConfiguration section */
		B2AB0D5B26ABCBD80005D263 /* Debug */ = {
			isa = XCBuildConfiguration;
			buildSettings = {
				ALWAYS_SEARCH_USER_PATHS = NO;
				CLANG_ANALYZER_NONNULL = YES;
				CLANG_ANALYZER_NUMBER_OBJECT_CONVERSION = YES_AGGRESSIVE;
				CLANG_CXX_LANGUAGE_STANDARD = "gnu++14";
				CLANG_CXX_LIBRARY = "libc++";
				CLANG_ENABLE_MODULES = YES;
				CLANG_ENABLE_OBJC_ARC = YES;
				CLANG_ENABLE_OBJC_WEAK = YES;
				CLANG_WARN_BLOCK_CAPTURE_AUTORELEASING = YES;
				CLANG_WARN_BOOL_CONVERSION = YES;
				CLANG_WARN_COMMA = YES;
				CLANG_WARN_CONSTANT_CONVERSION = YES;
				CLANG_WARN_DEPRECATED_OBJC_IMPLEMENTATIONS = YES;
				CLANG_WARN_DIRECT_OBJC_ISA_USAGE = YES_ERROR;
				CLANG_WARN_DOCUMENTATION_COMMENTS = YES;
				CLANG_WARN_EMPTY_BODY = YES;
				CLANG_WARN_ENUM_CONVERSION = YES;
				CLANG_WARN_INFINITE_RECURSION = YES;
				CLANG_WARN_INT_CONVERSION = YES;
				CLANG_WARN_NON_LITERAL_NULL_CONVERSION = YES;
				CLANG_WARN_OBJC_IMPLICIT_RETAIN_SELF = YES;
				CLANG_WARN_OBJC_LITERAL_CONVERSION = YES;
				CLANG_WARN_OBJC_ROOT_CLASS = YES_ERROR;
				CLANG_WARN_QUOTED_INCLUDE_IN_FRAMEWORK_HEADER = YES;
				CLANG_WARN_RANGE_LOOP_ANALYSIS = YES;
				CLANG_WARN_STRICT_PROTOTYPES = YES;
				CLANG_WARN_SUSPICIOUS_MOVE = YES;
				CLANG_WARN_UNGUARDED_AVAILABILITY = YES_AGGRESSIVE;
				CLANG_WARN_UNREACHABLE_CODE = YES;
				CLANG_WARN__DUPLICATE_METHOD_MATCH = YES;
				COPY_PHASE_STRIP = NO;
				DEBUG_INFORMATION_FORMAT = dwarf;
				ENABLE_STRICT_OBJC_MSGSEND = YES;
				ENABLE_TESTABILITY = YES;
				GCC_C_LANGUAGE_STANDARD = gnu11;
				GCC_DYNAMIC_NO_PIC = NO;
				GCC_NO_COMMON_BLOCKS = YES;
				GCC_OPTIMIZATION_LEVEL = 0;
				GCC_PREPROCESSOR_DEFINITIONS = (
					"DEBUG=1",
					"$(inherited)",
				);
				GCC_WARN_64_TO_32_BIT_CONVERSION = YES;
				GCC_WARN_ABOUT_RETURN_TYPE = YES_ERROR;
				GCC_WARN_UNDECLARED_SELECTOR = YES;
				GCC_WARN_UNINITIALIZED_AUTOS = YES_AGGRESSIVE;
				GCC_WARN_UNUSED_FUNCTION = YES;
				GCC_WARN_UNUSED_VARIABLE = YES;
				IPHONEOS_DEPLOYMENT_TARGET = 14.5;
				MTL_ENABLE_DEBUG_INFO = INCLUDE_SOURCE;
				MTL_FAST_MATH = YES;
				ONLY_ACTIVE_ARCH = YES;
				SDKROOT = iphoneos;
				SWIFT_ACTIVE_COMPILATION_CONDITIONS = DEBUG;
				SWIFT_OPTIMIZATION_LEVEL = "-Onone";
			};
			name = Debug;
		};
		B2AB0D5C26ABCBD80005D263 /* Release */ = {
			isa = XCBuildConfiguration;
			buildSettings = {
				ALWAYS_SEARCH_USER_PATHS = NO;
				CLANG_ANALYZER_NONNULL = YES;
				CLANG_ANALYZER_NUMBER_OBJECT_CONVERSION = YES_AGGRESSIVE;
				CLANG_CXX_LANGUAGE_STANDARD = "gnu++14";
				CLANG_CXX_LIBRARY = "libc++";
				CLANG_ENABLE_MODULES = YES;
				CLANG_ENABLE_OBJC_ARC = YES;
				CLANG_ENABLE_OBJC_WEAK = YES;
				CLANG_WARN_BLOCK_CAPTURE_AUTORELEASING = YES;
				CLANG_WARN_BOOL_CONVERSION = YES;
				CLANG_WARN_COMMA = YES;
				CLANG_WARN_CONSTANT_CONVERSION = YES;
				CLANG_WARN_DEPRECATED_OBJC_IMPLEMENTATIONS = YES;
				CLANG_WARN_DIRECT_OBJC_ISA_USAGE = YES_ERROR;
				CLANG_WARN_DOCUMENTATION_COMMENTS = YES;
				CLANG_WARN_EMPTY_BODY = YES;
				CLANG_WARN_ENUM_CONVERSION = YES;
				CLANG_WARN_INFINITE_RECURSION = YES;
				CLANG_WARN_INT_CONVERSION = YES;
				CLANG_WARN_NON_LITERAL_NULL_CONVERSION = YES;
				CLANG_WARN_OBJC_IMPLICIT_RETAIN_SELF = YES;
				CLANG_WARN_OBJC_LITERAL_CONVERSION = YES;
				CLANG_WARN_OBJC_ROOT_CLASS = YES_ERROR;
				CLANG_WARN_QUOTED_INCLUDE_IN_FRAMEWORK_HEADER = YES;
				CLANG_WARN_RANGE_LOOP_ANALYSIS = YES;
				CLANG_WARN_STRICT_PROTOTYPES = YES;
				CLANG_WARN_SUSPICIOUS_MOVE = YES;
				CLANG_WARN_UNGUARDED_AVAILABILITY = YES_AGGRESSIVE;
				CLANG_WARN_UNREACHABLE_CODE = YES;
				CLANG_WARN__DUPLICATE_METHOD_MATCH = YES;
				COPY_PHASE_STRIP = NO;
				DEBUG_INFORMATION_FORMAT = "dwarf-with-dsym";
				ENABLE_NS_ASSERTIONS = NO;
				ENABLE_STRICT_OBJC_MSGSEND = YES;
				GCC_C_LANGUAGE_STANDARD = gnu11;
				GCC_NO_COMMON_BLOCKS = YES;
				GCC_WARN_64_TO_32_BIT_CONVERSION = YES;
				GCC_WARN_ABOUT_RETURN_TYPE = YES_ERROR;
				GCC_WARN_UNDECLARED_SELECTOR = YES;
				GCC_WARN_UNINITIALIZED_AUTOS = YES_AGGRESSIVE;
				GCC_WARN_UNUSED_FUNCTION = YES;
				GCC_WARN_UNUSED_VARIABLE = YES;
				IPHONEOS_DEPLOYMENT_TARGET = 14.5;
				MTL_ENABLE_DEBUG_INFO = NO;
				MTL_FAST_MATH = YES;
				SDKROOT = iphoneos;
				SWIFT_COMPILATION_MODE = wholemodule;
				SWIFT_OPTIMIZATION_LEVEL = "-O";
				VALIDATE_PRODUCT = YES;
			};
			name = Release;
		};
		B2AB0D5E26ABCBD80005D263 /* Debug */ = {
			isa = XCBuildConfiguration;
			buildSettings = {
				ASSETCATALOG_COMPILER_APPICON_NAME = AppIcon;
				ASSETCATALOG_COMPILER_GLOBAL_ACCENT_COLOR_NAME = AccentColor;
				CODE_SIGN_STYLE = Automatic;
				DEVELOPMENT_TEAM = 46359J2VM9;
				INFOPLIST_FILE = "music app/Info.plist";
				LD_RUNPATH_SEARCH_PATHS = (
					"$(inherited)",
					"@executable_path/Frameworks",
				);
				PRODUCT_BUNDLE_IDENTIFIER = "shop.vicion.music-app";
				PRODUCT_NAME = "$(TARGET_NAME)";
				SWIFT_VERSION = 5.0;
				TARGETED_DEVICE_FAMILY = "1,2";
			};
			name = Debug;
		};
		B2AB0D5F26ABCBD80005D263 /* Release */ = {
			isa = XCBuildConfiguration;
			buildSettings = {
				ASSETCATALOG_COMPILER_APPICON_NAME = AppIcon;
				ASSETCATALOG_COMPILER_GLOBAL_ACCENT_COLOR_NAME = AccentColor;
				CODE_SIGN_STYLE = Automatic;
				DEVELOPMENT_TEAM = 46359J2VM9;
				INFOPLIST_FILE = "music app/Info.plist";
				LD_RUNPATH_SEARCH_PATHS = (
					"$(inherited)",
					"@executable_path/Frameworks",
				);
				PRODUCT_BUNDLE_IDENTIFIER = "shop.vicion.music-app";
				PRODUCT_NAME = "$(TARGET_NAME)";
				SWIFT_VERSION = 5.0;
				TARGETED_DEVICE_FAMILY = "1,2";
			};
			name = Release;
		};
/* End XCBuildConfiguration section */

/* Begin XCConfigurationList section */
		B2AB0D4426ABCBD70005D263 /* Build configuration list for PBXProject "music app" */ = {
			isa = XCConfigurationList;
			buildConfigurations = (
				B2AB0D5B26ABCBD80005D263 /* Debug */,
				B2AB0D5C26ABCBD80005D263 /* Release */,
			);
			defaultConfigurationIsVisible = 0;
			defaultConfigurationName = Release;
		};
		B2AB0D5D26ABCBD80005D263 /* Build configuration list for PBXNativeTarget "music app" */ = {
			isa = XCConfigurationList;
			buildConfigurations = (
				B2AB0D5E26ABCBD80005D263 /* Debug */,
				B2AB0D5F26ABCBD80005D263 /* Release */,
			);
			defaultConfigurationIsVisible = 0;
			defaultConfigurationName = Release;
		};
/* End XCConfigurationList section */
	};
	rootObject = B2AB0D4126ABCBD70005D263 /* Project object */;
}
